
Microsoft Visual Studio Solution File, Format Version 12.00
# Visual Studio Version 17
VisualStudioVersion = 17.11.35222.181
MinimumVisualStudioVersion = 10.0.40219.1
Project("{FAE04EC0-301F-11D3-BF4B-00C04F79EFBC}") = "ClasePractica-QuickDrop", "ClasePractica-QuickDrop\ClasePractica-QuickDrop.csproj", "{12498C12-8C4F-48C6-9A00-0286E4A94F16}"
EndProject
Global
	GlobalSection(SolutionConfigurationPlatforms) = preSolution
		Debug|Any CPU = Debug|Any CPU
		Release|Any CPU = Release|Any CPU
	EndGlobalSection
	GlobalSection(ProjectConfigurationPlatforms) = postSolution
		{12498C12-8C4F-48C6-9A00-0286E4A94F16}.Debug|Any CPU.ActiveCfg = Debug|Any CPU
		{12498C12-8C4F-48C6-9A00-0286E4A94F16}.Debug|Any CPU.Build.0 = Debug|Any CPU
		{12498C12-8C4F-48C6-9A00-0286E4A94F16}.Release|Any CPU.ActiveCfg = Release|Any CPU
		{12498C12-8C4F-48C6-9A00-0286E4A94F16}.Release|Any CPU.Build.0 = Release|Any CPU
	EndGlobalSection
	GlobalSection(SolutionProperties) = preSolution
		HideSolutionNode = FALSE
	EndGlobalSection
	GlobalSection(ExtensibilityGlobals) = postSolution
		SolutionGuid = {F04F4557-F287-484F-A7C7-0F6243D1FF26}
	EndGlobalSection
EndGlobal
