
Microsoft Visual Studio Solution File, Format Version 12.00
# Visual Studio Version 17
VisualStudioVersion = 17.11.35222.181
MinimumVisualStudioVersion = 10.0.40219.1
Project("{FAE04EC0-301F-11D3-BF4B-00C04F79EFBC}") = "ClasesyObjetos2", "ClasesyObjetos2\ClasesyObjetos2.csproj", "{24ACBAC6-217B-4CD2-99D5-18124AFDAA17}"
EndProject
Global
	GlobalSection(SolutionConfigurationPlatforms) = preSolution
		Debug|Any CPU = Debug|Any CPU
		Release|Any CPU = Release|Any CPU
	EndGlobalSection
	GlobalSection(ProjectConfigurationPlatforms) = postSolution
		{24ACBAC6-217B-4CD2-99D5-18124AFDAA17}.Debug|Any CPU.ActiveCfg = Debug|Any CPU
		{24ACBAC6-217B-4CD2-99D5-18124AFDAA17}.Debug|Any CPU.Build.0 = Debug|Any CPU
		{24ACBAC6-217B-4CD2-99D5-18124AFDAA17}.Release|Any CPU.ActiveCfg = Release|Any CPU
		{24ACBAC6-217B-4CD2-99D5-18124AFDAA17}.Release|Any CPU.Build.0 = Release|Any CPU
	EndGlobalSection
	GlobalSection(SolutionProperties) = preSolution
		HideSolutionNode = FALSE
	EndGlobalSection
	GlobalSection(ExtensibilityGlobals) = postSolution
		SolutionGuid = {85254C17-973B-4FDA-93A0-900B541603CB}
	EndGlobalSection
EndGlobal
