
Microsoft Visual Studio Solution File, Format Version 12.00
# Visual Studio Version 17
VisualStudioVersion = 17.11.35222.181
MinimumVisualStudioVersion = 10.0.40219.1
Project("{FAE04EC0-301F-11D3-BF4B-00C04F79EFBC}") = "ClasePractica-SmartHome", "ClasePractica-SmartHome\ClasePractica-SmartHome.csproj", "{AEBFB9A2-6339-43CC-A98A-C4437D28A805}"
EndProject
Global
	GlobalSection(SolutionConfigurationPlatforms) = preSolution
		Debug|Any CPU = Debug|Any CPU
		Release|Any CPU = Release|Any CPU
	EndGlobalSection
	GlobalSection(ProjectConfigurationPlatforms) = postSolution
		{AEBFB9A2-6339-43CC-A98A-C4437D28A805}.Debug|Any CPU.ActiveCfg = Debug|Any CPU
		{AEBFB9A2-6339-43CC-A98A-C4437D28A805}.Debug|Any CPU.Build.0 = Debug|Any CPU
		{AEBFB9A2-6339-43CC-A98A-C4437D28A805}.Release|Any CPU.ActiveCfg = Release|Any CPU
		{AEBFB9A2-6339-43CC-A98A-C4437D28A805}.Release|Any CPU.Build.0 = Release|Any CPU
	EndGlobalSection
	GlobalSection(SolutionProperties) = preSolution
		HideSolutionNode = FALSE
	EndGlobalSection
	GlobalSection(ExtensibilityGlobals) = postSolution
		SolutionGuid = {DBD0C471-AA35-417D-A565-3C13C79CC001}
	EndGlobalSection
EndGlobal
